
Microsoft Visual Studio Solution File, Format Version 12.00
# Visual Studio Version 16
VisualStudioVersion = 16.0.33214.272
MinimumVisualStudioVersion = 10.0.40219.1
Project("{FAE04EC0-301F-11D3-BF4B-00C04F79EFBC}") = "intexxxx", "intexxxx.csproj", "{0CFF874C-3141-4EE8-8D5B-1E85EE005631}"
EndProject
Global
	GlobalSection(SolutionConfigurationPlatforms) = preSolution
		Debug|Any CPU = Debug|Any CPU
		Release|Any CPU = Release|Any CPU
	EndGlobalSection
	GlobalSection(ProjectConfigurationPlatforms) = postSolution
		{0CFF874C-3141-4EE8-8D5B-1E85EE005631}.Debug|Any CPU.ActiveCfg = Debug|Any CPU
		{0CFF874C-3141-4EE8-8D5B-1E85EE005631}.Debug|Any CPU.Build.0 = Debug|Any CPU
		{0CFF874C-3141-4EE8-8D5B-1E85EE005631}.Release|Any CPU.ActiveCfg = Release|Any CPU
		{0CFF874C-3141-4EE8-8D5B-1E85EE005631}.Release|Any CPU.Build.0 = Release|Any CPU
	EndGlobalSection
	GlobalSection(SolutionProperties) = preSolution
		HideSolutionNode = FALSE
	EndGlobalSection
	GlobalSection(ExtensibilityGlobals) = postSolution
		SolutionGuid = {40147F03-16C0-46D6-8DE6-04F908905CCE}
	EndGlobalSection
EndGlobal
